
Microsoft Visual Studio Solution File, Format Version 12.00
# Visual Studio Version 17
VisualStudioVersion = 17.1.32407.343
MinimumVisualStudioVersion = 10.0.40219.1
Project("{9A19103F-16F7-4668-BE54-9A1E7A4F7556}") = "Core.IdentityServer", "Core.IdentityServer\Core.IdentityServer.csproj", "{7DF9066E-D002-474E-A60A-9FD037D3EEED}"
EndProject
Project("{9A19103F-16F7-4668-BE54-9A1E7A4F7556}") = "Localization", "Shared\Localization\Localization.csproj", "{85B4F2E0-107A-402F-94DE-192776399D2A}"
EndProject
Project("{9A19103F-16F7-4668-BE54-9A1E7A4F7556}") = "Common", "Shared\Common\Common.csproj", "{C16A5A4A-CCD1-4941-B1E1-6AB16785617A}"
EndProject
Project("{2150E333-8FDC-42A3-9474-1A3956D46DE8}") = "Shared", "Shared", "{8B2FF960-3C6B-40FD-8DFA-C8579249B98E}"
EndProject
Project("{2150E333-8FDC-42A3-9474-1A3956D46DE8}") = "Core.Accounts", "Core.Accounts", "{121F58E3-6B4D-4772-A073-0AD97E55E3B7}"
EndProject
Project("{2150E333-8FDC-42A3-9474-1A3956D46DE8}") = "Core.Tenants", "Core.Tenants", "{4D173354-B4B3-4DF5-AFC6-AB057BFBF15F}"
EndProject
Project("{9A19103F-16F7-4668-BE54-9A1E7A4F7556}") = "Core.Tenants.API", "Core.Tenants\Core.Tenants.API\Core.Tenants.API.csproj", "{B56A4AD5-75FE-436B-809A-803FF682C5FB}"
EndProject
Project("{9A19103F-16F7-4668-BE54-9A1E7A4F7556}") = "Core.Tenants.DAL", "Core.Tenants\Core.Tenants.DAL\Core.Tenants.DAL.csproj", "{49C757C7-3951-476E-82C2-C1EDE4302165}"
EndProject
Project("{9A19103F-16F7-4668-BE54-9A1E7A4F7556}") = "Core.Tenants.Service", "Core.Tenants\Core.Tenants.Service\Core.Tenants.Service.csproj", "{70B86BF3-5015-424F-A415-8DC3D0DDB985}"
EndProject
Project("{2150E333-8FDC-42A3-9474-1A3956D46DE8}") = "Core.Projects", "Core.Projects", "{FA5EFE73-70C2-47B5-8A98-CEB92C84B486}"
EndProject
Project("{9A19103F-16F7-4668-BE54-9A1E7A4F7556}") = "Core.Projects.DAL", "Core.Projects\Core.Projects.DAL\Core.Projects.DAL.csproj", "{AAA95C5F-77AA-4B5B-B722-392CECAEAE59}"
EndProject
Project("{9A19103F-16F7-4668-BE54-9A1E7A4F7556}") = "Core.Projects.Service", "Core.Projects\Core.Projects.Service\Core.Projects.Service.csproj", "{E7797BCA-39EE-406C-A9A5-1112D74ABF0B}"
EndProject
Project("{9A19103F-16F7-4668-BE54-9A1E7A4F7556}") = "Core.Accounts.API", "Core.Accounts\Core.Accounts.API\Core.Accounts.API.csproj", "{CC5304B1-109C-414E-BDDC-35F35C40C98A}"
EndProject
Project("{9A19103F-16F7-4668-BE54-9A1E7A4F7556}") = "Core.Accounts.DAL", "Core.Accounts\Core.Accounts.DAL\Core.Accounts.DAL.csproj", "{DCD9012B-81E0-4270-9EF2-F745F23AAB0A}"
EndProject
Project("{9A19103F-16F7-4668-BE54-9A1E7A4F7556}") = "Core.Accounts.Service", "Core.Accounts\Core.Accounts.Service\Core.Accounts.Service.csproj", "{51531CF8-9A50-480E-870D-123165648D38}"
EndProject
Project("{9A19103F-16F7-4668-BE54-9A1E7A4F7556}") = "Core.Projects.API", "Core.Projects\Core.Projects.API\Core.Projects.API.csproj", "{B1927081-F621-4E2A-86BD-A86CA41A9103}"
EndProject
Project("{9A19103F-16F7-4668-BE54-9A1E7A4F7556}") = "Core.Accounts.Infrastructure", "Core.Accounts\Core.Accounts.Infrastructure\Core.Accounts.Infrastructure.csproj", "{9E89AE0D-C714-4C67-A701-BDD5D988DCDE}"
EndProject
Project("{9A19103F-16F7-4668-BE54-9A1E7A4F7556}") = "Core.Tenants.Infrastructure", "Core.Tenants\Core.Tenants.Infrastructure\Core.Tenants.Infrastructure.csproj", "{2352E535-C413-4AB7-8775-3415C05F4B8D}"
EndProject
Global
	GlobalSection(SolutionConfigurationPlatforms) = preSolution
		Debug|Any CPU = Debug|Any CPU
		Release|Any CPU = Release|Any CPU
	EndGlobalSection
	GlobalSection(ProjectConfigurationPlatforms) = postSolution
		{7DF9066E-D002-474E-A60A-9FD037D3EEED}.Debug|Any CPU.ActiveCfg = Debug|Any CPU
		{7DF9066E-D002-474E-A60A-9FD037D3EEED}.Debug|Any CPU.Build.0 = Debug|Any CPU
		{7DF9066E-D002-474E-A60A-9FD037D3EEED}.Release|Any CPU.ActiveCfg = Release|Any CPU
		{7DF9066E-D002-474E-A60A-9FD037D3EEED}.Release|Any CPU.Build.0 = Release|Any CPU
		{85B4F2E0-107A-402F-94DE-192776399D2A}.Debug|Any CPU.ActiveCfg = Debug|Any CPU
		{85B4F2E0-107A-402F-94DE-192776399D2A}.Debug|Any CPU.Build.0 = Debug|Any CPU
		{85B4F2E0-107A-402F-94DE-192776399D2A}.Release|Any CPU.ActiveCfg = Release|Any CPU
		{85B4F2E0-107A-402F-94DE-192776399D2A}.Release|Any CPU.Build.0 = Release|Any CPU
		{C16A5A4A-CCD1-4941-B1E1-6AB16785617A}.Debug|Any CPU.ActiveCfg = Debug|Any CPU
		{C16A5A4A-CCD1-4941-B1E1-6AB16785617A}.Debug|Any CPU.Build.0 = Debug|Any CPU
		{C16A5A4A-CCD1-4941-B1E1-6AB16785617A}.Release|Any CPU.ActiveCfg = Release|Any CPU
		{C16A5A4A-CCD1-4941-B1E1-6AB16785617A}.Release|Any CPU.Build.0 = Release|Any CPU
		{B56A4AD5-75FE-436B-809A-803FF682C5FB}.Debug|Any CPU.ActiveCfg = Debug|Any CPU
		{B56A4AD5-75FE-436B-809A-803FF682C5FB}.Debug|Any CPU.Build.0 = Debug|Any CPU
		{B56A4AD5-75FE-436B-809A-803FF682C5FB}.Release|Any CPU.ActiveCfg = Release|Any CPU
		{B56A4AD5-75FE-436B-809A-803FF682C5FB}.Release|Any CPU.Build.0 = Release|Any CPU
		{49C757C7-3951-476E-82C2-C1EDE4302165}.Debug|Any CPU.ActiveCfg = Debug|Any CPU
		{49C757C7-3951-476E-82C2-C1EDE4302165}.Debug|Any CPU.Build.0 = Debug|Any CPU
		{49C757C7-3951-476E-82C2-C1EDE4302165}.Release|Any CPU.ActiveCfg = Release|Any CPU
		{49C757C7-3951-476E-82C2-C1EDE4302165}.Release|Any CPU.Build.0 = Release|Any CPU
		{70B86BF3-5015-424F-A415-8DC3D0DDB985}.Debug|Any CPU.ActiveCfg = Debug|Any CPU
		{70B86BF3-5015-424F-A415-8DC3D0DDB985}.Debug|Any CPU.Build.0 = Debug|Any CPU
		{70B86BF3-5015-424F-A415-8DC3D0DDB985}.Release|Any CPU.ActiveCfg = Release|Any CPU
		{70B86BF3-5015-424F-A415-8DC3D0DDB985}.Release|Any CPU.Build.0 = Release|Any CPU
		{AAA95C5F-77AA-4B5B-B722-392CECAEAE59}.Debug|Any CPU.ActiveCfg = Debug|Any CPU
		{AAA95C5F-77AA-4B5B-B722-392CECAEAE59}.Debug|Any CPU.Build.0 = Debug|Any CPU
		{AAA95C5F-77AA-4B5B-B722-392CECAEAE59}.Release|Any CPU.ActiveCfg = Release|Any CPU
		{AAA95C5F-77AA-4B5B-B722-392CECAEAE59}.Release|Any CPU.Build.0 = Release|Any CPU
		{E7797BCA-39EE-406C-A9A5-1112D74ABF0B}.Debug|Any CPU.ActiveCfg = Debug|Any CPU
		{E7797BCA-39EE-406C-A9A5-1112D74ABF0B}.Debug|Any CPU.Build.0 = Debug|Any CPU
		{E7797BCA-39EE-406C-A9A5-1112D74ABF0B}.Release|Any CPU.ActiveCfg = Release|Any CPU
		{E7797BCA-39EE-406C-A9A5-1112D74ABF0B}.Release|Any CPU.Build.0 = Release|Any CPU
		{CC5304B1-109C-414E-BDDC-35F35C40C98A}.Debug|Any CPU.ActiveCfg = Debug|Any CPU
		{CC5304B1-109C-414E-BDDC-35F35C40C98A}.Debug|Any CPU.Build.0 = Debug|Any CPU
		{CC5304B1-109C-414E-BDDC-35F35C40C98A}.Release|Any CPU.ActiveCfg = Release|Any CPU
		{CC5304B1-109C-414E-BDDC-35F35C40C98A}.Release|Any CPU.Build.0 = Release|Any CPU
		{DCD9012B-81E0-4270-9EF2-F745F23AAB0A}.Debug|Any CPU.ActiveCfg = Debug|Any CPU
		{DCD9012B-81E0-4270-9EF2-F745F23AAB0A}.Debug|Any CPU.Build.0 = Debug|Any CPU
		{DCD9012B-81E0-4270-9EF2-F745F23AAB0A}.Release|Any CPU.ActiveCfg = Release|Any CPU
		{DCD9012B-81E0-4270-9EF2-F745F23AAB0A}.Release|Any CPU.Build.0 = Release|Any CPU
		{51531CF8-9A50-480E-870D-123165648D38}.Debug|Any CPU.ActiveCfg = Debug|Any CPU
		{51531CF8-9A50-480E-870D-123165648D38}.Debug|Any CPU.Build.0 = Debug|Any CPU
		{51531CF8-9A50-480E-870D-123165648D38}.Release|Any CPU.ActiveCfg = Release|Any CPU
		{51531CF8-9A50-480E-870D-123165648D38}.Release|Any CPU.Build.0 = Release|Any CPU
		{B1927081-F621-4E2A-86BD-A86CA41A9103}.Debug|Any CPU.ActiveCfg = Debug|Any CPU
		{B1927081-F621-4E2A-86BD-A86CA41A9103}.Debug|Any CPU.Build.0 = Debug|Any CPU
		{B1927081-F621-4E2A-86BD-A86CA41A9103}.Release|Any CPU.ActiveCfg = Release|Any CPU
		{B1927081-F621-4E2A-86BD-A86CA41A9103}.Release|Any CPU.Build.0 = Release|Any CPU
		{9E89AE0D-C714-4C67-A701-BDD5D988DCDE}.Debug|Any CPU.ActiveCfg = Debug|Any CPU
		{9E89AE0D-C714-4C67-A701-BDD5D988DCDE}.Debug|Any CPU.Build.0 = Debug|Any CPU
		{9E89AE0D-C714-4C67-A701-BDD5D988DCDE}.Release|Any CPU.ActiveCfg = Release|Any CPU
		{9E89AE0D-C714-4C67-A701-BDD5D988DCDE}.Release|Any CPU.Build.0 = Release|Any CPU
		{2352E535-C413-4AB7-8775-3415C05F4B8D}.Debug|Any CPU.ActiveCfg = Debug|Any CPU
		{2352E535-C413-4AB7-8775-3415C05F4B8D}.Debug|Any CPU.Build.0 = Debug|Any CPU
		{2352E535-C413-4AB7-8775-3415C05F4B8D}.Release|Any CPU.ActiveCfg = Release|Any CPU
		{2352E535-C413-4AB7-8775-3415C05F4B8D}.Release|Any CPU.Build.0 = Release|Any CPU
	EndGlobalSection
	GlobalSection(SolutionProperties) = preSolution
		HideSolutionNode = FALSE
	EndGlobalSection
	GlobalSection(NestedProjects) = preSolution
		{85B4F2E0-107A-402F-94DE-192776399D2A} = {8B2FF960-3C6B-40FD-8DFA-C8579249B98E}
		{C16A5A4A-CCD1-4941-B1E1-6AB16785617A} = {8B2FF960-3C6B-40FD-8DFA-C8579249B98E}
		{B56A4AD5-75FE-436B-809A-803FF682C5FB} = {4D173354-B4B3-4DF5-AFC6-AB057BFBF15F}
		{49C757C7-3951-476E-82C2-C1EDE4302165} = {4D173354-B4B3-4DF5-AFC6-AB057BFBF15F}
		{70B86BF3-5015-424F-A415-8DC3D0DDB985} = {4D173354-B4B3-4DF5-AFC6-AB057BFBF15F}
		{AAA95C5F-77AA-4B5B-B722-392CECAEAE59} = {FA5EFE73-70C2-47B5-8A98-CEB92C84B486}
		{E7797BCA-39EE-406C-A9A5-1112D74ABF0B} = {FA5EFE73-70C2-47B5-8A98-CEB92C84B486}
		{CC5304B1-109C-414E-BDDC-35F35C40C98A} = {121F58E3-6B4D-4772-A073-0AD97E55E3B7}
		{DCD9012B-81E0-4270-9EF2-F745F23AAB0A} = {121F58E3-6B4D-4772-A073-0AD97E55E3B7}
		{51531CF8-9A50-480E-870D-123165648D38} = {121F58E3-6B4D-4772-A073-0AD97E55E3B7}
		{B1927081-F621-4E2A-86BD-A86CA41A9103} = {FA5EFE73-70C2-47B5-8A98-CEB92C84B486}
		{9E89AE0D-C714-4C67-A701-BDD5D988DCDE} = {121F58E3-6B4D-4772-A073-0AD97E55E3B7}
		{2352E535-C413-4AB7-8775-3415C05F4B8D} = {4D173354-B4B3-4DF5-AFC6-AB057BFBF15F}
	EndGlobalSection
	GlobalSection(ExtensibilityGlobals) = postSolution
		SolutionGuid = {1FCCE7B0-D804-45E6-90D0-514887B4C35E}
	EndGlobalSection
EndGlobal
